github.com/calo001/parsa-hugo v0.0.0-20210808054015-09edfc680bfa h1:oYE2Yizj3qlIqIXiWXFpTYnpPtQpJ0IQGTodqyWc/No=
github.com/calo001/parsa-hugo v0.0.0-20210808054015-09edfc680bfa/go.mod h1:LtVyylqmj4u0krqWQ0J1KGdKfv0mKNSZr2ne1sSv2WM=
github.com/calo001/parsa-hugo v0.0.0-20210808150928-b796dbe91573 h1:z/Us1Jasct0DT88OX8YPT9wdwj7WVXqujRcmbvKJQIw=
github.com/calo001/parsa-hugo v0.0.0-20210808150928-b796dbe91573/go.mod h1:LtVyylqmj4u0krqWQ0J1KGdKfv0mKNSZr2ne1sSv2WM=
